
Microsoft Visual Studio Solution File, Format Version 12.00
# Visual Studio 14
VisualStudioVersion = 14.0.25420.1
MinimumVisualStudioVersion = 10.0.40219.1
Project("{FAE04EC0-301F-11D3-BF4B-00C04F79EFBC}") = "tafelvoetbalApp", "tafelvoetbalApp\tafelvoetbalApp\tafelvoetbalApp.csproj", "{ECB5651A-ED92-498D-AA9F-382A653C4789}"
EndProject
Project("{FAE04EC0-301F-11D3-BF4B-00C04F79EFBC}") = "tafelvoetbalApp.Droid", "tafelvoetbalApp\tafelvoetbalApp.Droid\tafelvoetbalApp.Droid.csproj", "{327B4904-C161-4789-9E1D-D556313B3665}"
EndProject
Project("{FAE04EC0-301F-11D3-BF4B-00C04F79EFBC}") = "tafelvoetbalApp.iOS", "tafelvoetbalApp\tafelvoetbalApp.iOS\tafelvoetbalApp.iOS.csproj", "{FA86029D-BB83-43CC-A15F-8886DE5B1032}"
EndProject
Project("{FAE04EC0-301F-11D3-BF4B-00C04F79EFBC}") = "tafelvoetbalApp.WinPhone", "tafelvoetbalApp\tafelvoetbalApp.WinPhone\tafelvoetbalApp.WinPhone.csproj", "{E3BCA19B-1DBE-411E-B7BD-AD6CFF476D2E}"
EndProject
Global
	GlobalSection(SolutionConfigurationPlatforms) = preSolution
		Debug|Any CPU = Debug|Any CPU
		Debug|ARM = Debug|ARM
		Debug|iPhone = Debug|iPhone
		Debug|iPhoneSimulator = Debug|iPhoneSimulator
		Debug|x86 = Debug|x86
		Release|Any CPU = Release|Any CPU
		Release|ARM = Release|ARM
		Release|iPhone = Release|iPhone
		Release|iPhoneSimulator = Release|iPhoneSimulator
		Release|x86 = Release|x86
	EndGlobalSection
	GlobalSection(ProjectConfigurationPlatforms) = postSolution
		{ECB5651A-ED92-498D-AA9F-382A653C4789}.Debug|Any CPU.ActiveCfg = Debug|Any CPU
		{ECB5651A-ED92-498D-AA9F-382A653C4789}.Debug|Any CPU.Build.0 = Debug|Any CPU
		{ECB5651A-ED92-498D-AA9F-382A653C4789}.Debug|ARM.ActiveCfg = Debug|Any CPU
		{ECB5651A-ED92-498D-AA9F-382A653C4789}.Debug|ARM.Build.0 = Debug|Any CPU
		{ECB5651A-ED92-498D-AA9F-382A653C4789}.Debug|iPhone.ActiveCfg = Debug|Any CPU
		{ECB5651A-ED92-498D-AA9F-382A653C4789}.Debug|iPhone.Build.0 = Debug|Any CPU
		{ECB5651A-ED92-498D-AA9F-382A653C4789}.Debug|iPhoneSimulator.ActiveCfg = Debug|Any CPU
		{ECB5651A-ED92-498D-AA9F-382A653C4789}.Debug|iPhoneSimulator.Build.0 = Debug|Any CPU
		{ECB5651A-ED92-498D-AA9F-382A653C4789}.Debug|x86.ActiveCfg = Debug|Any CPU
		{ECB5651A-ED92-498D-AA9F-382A653C4789}.Debug|x86.Build.0 = Debug|Any CPU
		{ECB5651A-ED92-498D-AA9F-382A653C4789}.Release|Any CPU.ActiveCfg = Release|Any CPU
		{ECB5651A-ED92-498D-AA9F-382A653C4789}.Release|Any CPU.Build.0 = Release|Any CPU
		{ECB5651A-ED92-498D-AA9F-382A653C4789}.Release|ARM.ActiveCfg = Release|Any CPU
		{ECB5651A-ED92-498D-AA9F-382A653C4789}.Release|ARM.Build.0 = Release|Any CPU
		{ECB5651A-ED92-498D-AA9F-382A653C4789}.Release|iPhone.ActiveCfg = Release|Any CPU
		{ECB5651A-ED92-498D-AA9F-382A653C4789}.Release|iPhone.Build.0 = Release|Any CPU
		{ECB5651A-ED92-498D-AA9F-382A653C4789}.Release|iPhoneSimulator.ActiveCfg = Release|Any CPU
		{ECB5651A-ED92-498D-AA9F-382A653C4789}.Release|iPhoneSimulator.Build.0 = Release|Any CPU
		{ECB5651A-ED92-498D-AA9F-382A653C4789}.Release|x86.ActiveCfg = Release|Any CPU
		{ECB5651A-ED92-498D-AA9F-382A653C4789}.Release|x86.Build.0 = Release|Any CPU
		{327B4904-C161-4789-9E1D-D556313B3665}.Debug|Any CPU.ActiveCfg = Debug|Any CPU
		{327B4904-C161-4789-9E1D-D556313B3665}.Debug|Any CPU.Build.0 = Debug|Any CPU
		{327B4904-C161-4789-9E1D-D556313B3665}.Debug|Any CPU.Deploy.0 = Debug|Any CPU
		{327B4904-C161-4789-9E1D-D556313B3665}.Debug|ARM.ActiveCfg = Debug|Any CPU
		{327B4904-C161-4789-9E1D-D556313B3665}.Debug|ARM.Build.0 = Debug|Any CPU
		{327B4904-C161-4789-9E1D-D556313B3665}.Debug|ARM.Deploy.0 = Debug|Any CPU
		{327B4904-C161-4789-9E1D-D556313B3665}.Debug|iPhone.ActiveCfg = Debug|Any CPU
		{327B4904-C161-4789-9E1D-D556313B3665}.Debug|iPhone.Build.0 = Debug|Any CPU
		{327B4904-C161-4789-9E1D-D556313B3665}.Debug|iPhone.Deploy.0 = Debug|Any CPU
		{327B4904-C161-4789-9E1D-D556313B3665}.Debug|iPhoneSimulator.ActiveCfg = Debug|Any CPU
		{327B4904-C161-4789-9E1D-D556313B3665}.Debug|iPhoneSimulator.Build.0 = Debug|Any CPU
		{327B4904-C161-4789-9E1D-D556313B3665}.Debug|iPhoneSimulator.Deploy.0 = Debug|Any CPU
		{327B4904-C161-4789-9E1D-D556313B3665}.Debug|x86.ActiveCfg = Debug|Any CPU
		{327B4904-C161-4789-9E1D-D556313B3665}.Debug|x86.Build.0 = Debug|Any CPU
		{327B4904-C161-4789-9E1D-D556313B3665}.Debug|x86.Deploy.0 = Debug|Any CPU
		{327B4904-C161-4789-9E1D-D556313B3665}.Release|Any CPU.ActiveCfg = Release|Any CPU
		{327B4904-C161-4789-9E1D-D556313B3665}.Release|Any CPU.Build.0 = Release|Any CPU
		{327B4904-C161-4789-9E1D-D556313B3665}.Release|Any CPU.Deploy.0 = Release|Any CPU
		{327B4904-C161-4789-9E1D-D556313B3665}.Release|ARM.ActiveCfg = Release|Any CPU
		{327B4904-C161-4789-9E1D-D556313B3665}.Release|ARM.Build.0 = Release|Any CPU
		{327B4904-C161-4789-9E1D-D556313B3665}.Release|ARM.Deploy.0 = Release|Any CPU
		{327B4904-C161-4789-9E1D-D556313B3665}.Release|iPhone.ActiveCfg = Release|Any CPU
		{327B4904-C161-4789-9E1D-D556313B3665}.Release|iPhone.Build.0 = Release|Any CPU
		{327B4904-C161-4789-9E1D-D556313B3665}.Release|iPhone.Deploy.0 = Release|Any CPU
		{327B4904-C161-4789-9E1D-D556313B3665}.Release|iPhoneSimulator.ActiveCfg = Release|Any CPU
		{327B4904-C161-4789-9E1D-D556313B3665}.Release|iPhoneSimulator.Build.0 = Release|Any CPU
		{327B4904-C161-4789-9E1D-D556313B3665}.Release|iPhoneSimulator.Deploy.0 = Release|Any CPU
		{327B4904-C161-4789-9E1D-D556313B3665}.Release|x86.ActiveCfg = Release|Any CPU
		{327B4904-C161-4789-9E1D-D556313B3665}.Release|x86.Build.0 = Release|Any CPU
		{327B4904-C161-4789-9E1D-D556313B3665}.Release|x86.Deploy.0 = Release|Any CPU
		{FA86029D-BB83-43CC-A15F-8886DE5B1032}.Debug|Any CPU.ActiveCfg = Debug|iPhone
		{FA86029D-BB83-43CC-A15F-8886DE5B1032}.Debug|ARM.ActiveCfg = Debug|iPhone
		{FA86029D-BB83-43CC-A15F-8886DE5B1032}.Debug|iPhone.ActiveCfg = Debug|iPhone
		{FA86029D-BB83-43CC-A15F-8886DE5B1032}.Debug|iPhone.Build.0 = Debug|iPhone
		{FA86029D-BB83-43CC-A15F-8886DE5B1032}.Debug|iPhoneSimulator.ActiveCfg = Debug|iPhoneSimulator
		{FA86029D-BB83-43CC-A15F-8886DE5B1032}.Debug|iPhoneSimulator.Build.0 = Debug|iPhoneSimulator
		{FA86029D-BB83-43CC-A15F-8886DE5B1032}.Debug|x86.ActiveCfg = Debug|iPhone
		{FA86029D-BB83-43CC-A15F-8886DE5B1032}.Release|Any CPU.ActiveCfg = Release|iPhone
		{FA86029D-BB83-43CC-A15F-8886DE5B1032}.Release|ARM.ActiveCfg = Release|iPhone
		{FA86029D-BB83-43CC-A15F-8886DE5B1032}.Release|iPhone.ActiveCfg = Release|iPhone
		{FA86029D-BB83-43CC-A15F-8886DE5B1032}.Release|iPhone.Build.0 = Release|iPhone
		{FA86029D-BB83-43CC-A15F-8886DE5B1032}.Release|iPhoneSimulator.ActiveCfg = Release|iPhoneSimulator
		{FA86029D-BB83-43CC-A15F-8886DE5B1032}.Release|iPhoneSimulator.Build.0 = Release|iPhoneSimulator
		{FA86029D-BB83-43CC-A15F-8886DE5B1032}.Release|x86.ActiveCfg = Release|iPhone
		{E3BCA19B-1DBE-411E-B7BD-AD6CFF476D2E}.Debug|Any CPU.ActiveCfg = Debug|Any CPU
		{E3BCA19B-1DBE-411E-B7BD-AD6CFF476D2E}.Debug|Any CPU.Build.0 = Debug|Any CPU
		{E3BCA19B-1DBE-411E-B7BD-AD6CFF476D2E}.Debug|Any CPU.Deploy.0 = Debug|Any CPU
		{E3BCA19B-1DBE-411E-B7BD-AD6CFF476D2E}.Debug|ARM.ActiveCfg = Debug|ARM
		{E3BCA19B-1DBE-411E-B7BD-AD6CFF476D2E}.Debug|ARM.Build.0 = Debug|ARM
		{E3BCA19B-1DBE-411E-B7BD-AD6CFF476D2E}.Debug|ARM.Deploy.0 = Debug|ARM
		{E3BCA19B-1DBE-411E-B7BD-AD6CFF476D2E}.Debug|iPhone.ActiveCfg = Debug|Any CPU
		{E3BCA19B-1DBE-411E-B7BD-AD6CFF476D2E}.Debug|iPhone.Build.0 = Debug|Any CPU
		{E3BCA19B-1DBE-411E-B7BD-AD6CFF476D2E}.Debug|iPhone.Deploy.0 = Debug|Any CPU
		{E3BCA19B-1DBE-411E-B7BD-AD6CFF476D2E}.Debug|iPhoneSimulator.ActiveCfg = Debug|Any CPU
		{E3BCA19B-1DBE-411E-B7BD-AD6CFF476D2E}.Debug|iPhoneSimulator.Build.0 = Debug|Any CPU
		{E3BCA19B-1DBE-411E-B7BD-AD6CFF476D2E}.Debug|iPhoneSimulator.Deploy.0 = Debug|Any CPU
		{E3BCA19B-1DBE-411E-B7BD-AD6CFF476D2E}.Debug|x86.ActiveCfg = Debug|x86
		{E3BCA19B-1DBE-411E-B7BD-AD6CFF476D2E}.Debug|x86.Build.0 = Debug|x86
		{E3BCA19B-1DBE-411E-B7BD-AD6CFF476D2E}.Debug|x86.Deploy.0 = Debug|x86
		{E3BCA19B-1DBE-411E-B7BD-AD6CFF476D2E}.Release|Any CPU.ActiveCfg = Release|Any CPU
		{E3BCA19B-1DBE-411E-B7BD-AD6CFF476D2E}.Release|Any CPU.Build.0 = Release|Any CPU
		{E3BCA19B-1DBE-411E-B7BD-AD6CFF476D2E}.Release|Any CPU.Deploy.0 = Release|Any CPU
		{E3BCA19B-1DBE-411E-B7BD-AD6CFF476D2E}.Release|ARM.ActiveCfg = Release|ARM
		{E3BCA19B-1DBE-411E-B7BD-AD6CFF476D2E}.Release|ARM.Build.0 = Release|ARM
		{E3BCA19B-1DBE-411E-B7BD-AD6CFF476D2E}.Release|ARM.Deploy.0 = Release|ARM
		{E3BCA19B-1DBE-411E-B7BD-AD6CFF476D2E}.Release|iPhone.ActiveCfg = Release|Any CPU
		{E3BCA19B-1DBE-411E-B7BD-AD6CFF476D2E}.Release|iPhone.Build.0 = Release|Any CPU
		{E3BCA19B-1DBE-411E-B7BD-AD6CFF476D2E}.Release|iPhone.Deploy.0 = Release|Any CPU
		{E3BCA19B-1DBE-411E-B7BD-AD6CFF476D2E}.Release|iPhoneSimulator.ActiveCfg = Release|Any CPU
		{E3BCA19B-1DBE-411E-B7BD-AD6CFF476D2E}.Release|iPhoneSimulator.Build.0 = Release|Any CPU
		{E3BCA19B-1DBE-411E-B7BD-AD6CFF476D2E}.Release|iPhoneSimulator.Deploy.0 = Release|Any CPU
		{E3BCA19B-1DBE-411E-B7BD-AD6CFF476D2E}.Release|x86.ActiveCfg = Release|x86
		{E3BCA19B-1DBE-411E-B7BD-AD6CFF476D2E}.Release|x86.Build.0 = Release|x86
		{E3BCA19B-1DBE-411E-B7BD-AD6CFF476D2E}.Release|x86.Deploy.0 = Release|x86
	EndGlobalSection
	GlobalSection(SolutionProperties) = preSolution
		HideSolutionNode = FALSE
	EndGlobalSection
EndGlobal
